{
  "name": "datepicker-hijri",
  "version": "0.0.1",
  "lockfileVersion": 1,
  "requires": true,
  "dependencies": {
    "@popperjs/core": {
      "version": "2.0.6",
      "resolved": "https://registry.npmjs.org/@popperjs/core/-/core-2.0.6.tgz",
      "integrity": "sha512-zj7Gw8QC4jmR92eKUvtrZUEpl2ypRbq+qlE4pwf9n2hnUO9BOAcWUs4/Ht+gNIbFt98xtqhLvccdCfD469MzpQ=="
    },
    "@stencil/core": {
      "version": "1.7.3",
      "resolved": "https://registry.npmjs.org/@stencil/core/-/core-1.7.3.tgz",
      "integrity": "sha512-3zfir9ndh0+bcIeetjJFPIGYmzgfZtV2SxYSTYOJNvBNaghn3r5mSo8Xtqwhbppkyni8CsGwWCf1WKDyFYkK4w==",
      "dev": true,
      "requires": {
        "typescript": "3.6.3"
      }
    },
    "moment": {
      "version": "2.24.0",
      "resolved": "https://registry.npmjs.org/moment/-/moment-2.24.0.tgz",
      "integrity": "sha512-bV7f+6l2QigeBBZSM/6yTNq4P2fNpSWj/0e7jQcy87A8e7o2nAfP/34/2ky5Vw4B9S446EtIhodAzkFCcR4dQg=="
    },
    "moment-hijri": {
      "version": "2.1.2",
      "resolved": "https://registry.npmjs.org/moment-hijri/-/moment-hijri-2.1.2.tgz",
      "integrity": "sha512-p5ZOA1UzBHAAXiePh37XRjjwuyH78+1ShYZ7R6jogxketewG7kTCUjUmcP9c4Qsx8D8cqxwUWrESjtgdT6tNoA==",
      "requires": {
        "moment": "^2.24.0"
      }
    },
    "popper.js": {
      "version": "1.16.0",
      "resolved": "https://registry.npmjs.org/popper.js/-/popper.js-1.16.0.tgz",
      "integrity": "sha512-+G+EkOPoE5S/zChTpmBSSDYmhXJ5PsW8eMhH8cP/CQHMFPBG/kC9Y5IIw6qNYgdJ+/COf0ddY2li28iHaZRSjw=="
    },
    "typescript": {
      "version": "3.6.3",
      "resolved": "https://registry.npmjs.org/typescript/-/typescript-3.6.3.tgz",
      "integrity": "sha512-N7bceJL1CtRQ2RiG0AQME13ksR7DiuQh/QehubYcghzv20tnh+MQnQIuJddTmsbqYj+dztchykemz0zFzlvdQw==",
      "dev": true
    },
    "uuid": {
      "version": "3.3.3",
      "resolved": "https://registry.npmjs.org/uuid/-/uuid-3.3.3.tgz",
      "integrity": "sha512-pW0No1RGHgzlpHJO1nsVrHKpOEIxkGg1xB+v0ZmdNH5OAeAwzAVrCnI2/6Mtx+Uys6iaylxa+D3g4j63IKKjSQ=="
    }
  }
}
